
Microsoft Visual Studio Solution File, Format Version 12.00
# Visual Studio 2012
Project("{FAE04EC0-301F-11D3-BF4B-00C04F79EFBC}") = "Domain", "Domain\Domain.csproj", "{2C50D580-B50E-4F4D-A233-4B90E00CC9C4}"
EndProject
Project("{FAE04EC0-301F-11D3-BF4B-00C04F79EFBC}") = "Internet", "Internet\Internet.csproj", "{A89924A2-8483-4042-BD51-DCEF05F31083}"
EndProject
Global
	GlobalSection(SolutionConfigurationPlatforms) = preSolution
		Debug|Any CPU = Debug|Any CPU
		Release|Any CPU = Release|Any CPU
	EndGlobalSection
	GlobalSection(ProjectConfigurationPlatforms) = postSolution
		{2C50D580-B50E-4F4D-A233-4B90E00CC9C4}.Debug|Any CPU.ActiveCfg = Debug|Any CPU
		{2C50D580-B50E-4F4D-A233-4B90E00CC9C4}.Debug|Any CPU.Build.0 = Debug|Any CPU
		{2C50D580-B50E-4F4D-A233-4B90E00CC9C4}.Release|Any CPU.ActiveCfg = Release|Any CPU
		{2C50D580-B50E-4F4D-A233-4B90E00CC9C4}.Release|Any CPU.Build.0 = Release|Any CPU
		{A89924A2-8483-4042-BD51-DCEF05F31083}.Debug|Any CPU.ActiveCfg = Debug|Any CPU
		{A89924A2-8483-4042-BD51-DCEF05F31083}.Debug|Any CPU.Build.0 = Debug|Any CPU
		{A89924A2-8483-4042-BD51-DCEF05F31083}.Release|Any CPU.ActiveCfg = Release|Any CPU
		{A89924A2-8483-4042-BD51-DCEF05F31083}.Release|Any CPU.Build.0 = Release|Any CPU
	EndGlobalSection
	GlobalSection(SolutionProperties) = preSolution
		HideSolutionNode = FALSE
	EndGlobalSection
EndGlobal
