
Microsoft Visual Studio Solution File, Format Version 12.00
# Visual Studio 2012
Project("{FAE04EC0-301F-11D3-BF4B-00C04F79EFBC}") = "Domain", "Domain\Domain.csproj", "{2C50D580-B50E-4F4D-A233-4B90E00CC9C4}"
EndProject
Project("{2150E333-8FDC-42A3-9474-1A3956D46DE8}") = "Services", "Services", "{933D5852-9FBC-46DA-8827-C19F80A1407F}"
EndProject
Project("{2150E333-8FDC-42A3-9474-1A3956D46DE8}") = "Tests", "Tests", "{9A039B83-B74D-4EBE-9595-EE055A9F3D01}"
EndProject
Project("{FAE04EC0-301F-11D3-BF4B-00C04F79EFBC}") = "SPA", "SPA\SPA.csproj", "{81C4FB3B-6D63-405C-BA89-5834C8F935F4}"
EndProject
Project("{2150E333-8FDC-42A3-9474-1A3956D46DE8}") = "Web", "Web", "{A76BD32A-9909-4599-80D7-113FCBC0EB9E}"
EndProject
Project("{FAE04EC0-301F-11D3-BF4B-00C04F79EFBC}") = "FaceBook", "FaceBook\FaceBook.csproj", "{6FE87379-9EEA-4CD5-AA00-4FB527535902}"
EndProject
Project("{FAE04EC0-301F-11D3-BF4B-00C04F79EFBC}") = "WebAPI", "WebAPI\WebAPI.csproj", "{725FC4CC-E5AA-4FF0-94B7-B9417FAE8010}"
EndProject
Project("{FAE04EC0-301F-11D3-BF4B-00C04F79EFBC}") = "Mobile", "Mobile\Mobile.csproj", "{FCF8ACB6-7DAD-4DC8-B7AD-E2288586F199}"
EndProject
Project("{FAE04EC0-301F-11D3-BF4B-00C04F79EFBC}") = "Empty", "Empty\Empty.csproj", "{6019C4FC-3333-4ABF-8132-29AFBBCD0EB0}"
EndProject
Project("{FAE04EC0-301F-11D3-BF4B-00C04F79EFBC}") = "Basic", "Basic\Basic.csproj", "{E592739E-2C8E-45BE-87ED-36BE902B0A57}"
EndProject
Project("{FAE04EC0-301F-11D3-BF4B-00C04F79EFBC}") = "Internet", "Internet\Internet.csproj", "{A89924A2-8483-4042-BD51-DCEF05F31083}"
EndProject
Global
	GlobalSection(SolutionConfigurationPlatforms) = preSolution
		Debug|Any CPU = Debug|Any CPU
		Release|Any CPU = Release|Any CPU
	EndGlobalSection
	GlobalSection(ProjectConfigurationPlatforms) = postSolution
		{2C50D580-B50E-4F4D-A233-4B90E00CC9C4}.Debug|Any CPU.ActiveCfg = Debug|Any CPU
		{2C50D580-B50E-4F4D-A233-4B90E00CC9C4}.Debug|Any CPU.Build.0 = Debug|Any CPU
		{2C50D580-B50E-4F4D-A233-4B90E00CC9C4}.Release|Any CPU.ActiveCfg = Release|Any CPU
		{2C50D580-B50E-4F4D-A233-4B90E00CC9C4}.Release|Any CPU.Build.0 = Release|Any CPU
		{81C4FB3B-6D63-405C-BA89-5834C8F935F4}.Debug|Any CPU.ActiveCfg = Debug|Any CPU
		{81C4FB3B-6D63-405C-BA89-5834C8F935F4}.Debug|Any CPU.Build.0 = Debug|Any CPU
		{81C4FB3B-6D63-405C-BA89-5834C8F935F4}.Release|Any CPU.ActiveCfg = Release|Any CPU
		{81C4FB3B-6D63-405C-BA89-5834C8F935F4}.Release|Any CPU.Build.0 = Release|Any CPU
		{6FE87379-9EEA-4CD5-AA00-4FB527535902}.Debug|Any CPU.ActiveCfg = Debug|Any CPU
		{6FE87379-9EEA-4CD5-AA00-4FB527535902}.Debug|Any CPU.Build.0 = Debug|Any CPU
		{6FE87379-9EEA-4CD5-AA00-4FB527535902}.Release|Any CPU.ActiveCfg = Release|Any CPU
		{6FE87379-9EEA-4CD5-AA00-4FB527535902}.Release|Any CPU.Build.0 = Release|Any CPU
		{725FC4CC-E5AA-4FF0-94B7-B9417FAE8010}.Debug|Any CPU.ActiveCfg = Debug|Any CPU
		{725FC4CC-E5AA-4FF0-94B7-B9417FAE8010}.Debug|Any CPU.Build.0 = Debug|Any CPU
		{725FC4CC-E5AA-4FF0-94B7-B9417FAE8010}.Release|Any CPU.ActiveCfg = Release|Any CPU
		{725FC4CC-E5AA-4FF0-94B7-B9417FAE8010}.Release|Any CPU.Build.0 = Release|Any CPU
		{FCF8ACB6-7DAD-4DC8-B7AD-E2288586F199}.Debug|Any CPU.ActiveCfg = Debug|Any CPU
		{FCF8ACB6-7DAD-4DC8-B7AD-E2288586F199}.Debug|Any CPU.Build.0 = Debug|Any CPU
		{FCF8ACB6-7DAD-4DC8-B7AD-E2288586F199}.Release|Any CPU.ActiveCfg = Release|Any CPU
		{FCF8ACB6-7DAD-4DC8-B7AD-E2288586F199}.Release|Any CPU.Build.0 = Release|Any CPU
		{6019C4FC-3333-4ABF-8132-29AFBBCD0EB0}.Debug|Any CPU.ActiveCfg = Debug|Any CPU
		{6019C4FC-3333-4ABF-8132-29AFBBCD0EB0}.Debug|Any CPU.Build.0 = Debug|Any CPU
		{6019C4FC-3333-4ABF-8132-29AFBBCD0EB0}.Release|Any CPU.ActiveCfg = Release|Any CPU
		{6019C4FC-3333-4ABF-8132-29AFBBCD0EB0}.Release|Any CPU.Build.0 = Release|Any CPU
		{E592739E-2C8E-45BE-87ED-36BE902B0A57}.Debug|Any CPU.ActiveCfg = Debug|Any CPU
		{E592739E-2C8E-45BE-87ED-36BE902B0A57}.Debug|Any CPU.Build.0 = Debug|Any CPU
		{E592739E-2C8E-45BE-87ED-36BE902B0A57}.Release|Any CPU.ActiveCfg = Release|Any CPU
		{E592739E-2C8E-45BE-87ED-36BE902B0A57}.Release|Any CPU.Build.0 = Release|Any CPU
		{A89924A2-8483-4042-BD51-DCEF05F31083}.Debug|Any CPU.ActiveCfg = Debug|Any CPU
		{A89924A2-8483-4042-BD51-DCEF05F31083}.Debug|Any CPU.Build.0 = Debug|Any CPU
		{A89924A2-8483-4042-BD51-DCEF05F31083}.Release|Any CPU.ActiveCfg = Release|Any CPU
		{A89924A2-8483-4042-BD51-DCEF05F31083}.Release|Any CPU.Build.0 = Release|Any CPU
	EndGlobalSection
	GlobalSection(SolutionProperties) = preSolution
		HideSolutionNode = FALSE
	EndGlobalSection
	GlobalSection(NestedProjects) = preSolution
		{81C4FB3B-6D63-405C-BA89-5834C8F935F4} = {A76BD32A-9909-4599-80D7-113FCBC0EB9E}
		{6FE87379-9EEA-4CD5-AA00-4FB527535902} = {A76BD32A-9909-4599-80D7-113FCBC0EB9E}
		{725FC4CC-E5AA-4FF0-94B7-B9417FAE8010} = {A76BD32A-9909-4599-80D7-113FCBC0EB9E}
		{FCF8ACB6-7DAD-4DC8-B7AD-E2288586F199} = {A76BD32A-9909-4599-80D7-113FCBC0EB9E}
		{6019C4FC-3333-4ABF-8132-29AFBBCD0EB0} = {A76BD32A-9909-4599-80D7-113FCBC0EB9E}
		{E592739E-2C8E-45BE-87ED-36BE902B0A57} = {A76BD32A-9909-4599-80D7-113FCBC0EB9E}
		{A89924A2-8483-4042-BD51-DCEF05F31083} = {A76BD32A-9909-4599-80D7-113FCBC0EB9E}
	EndGlobalSection
EndGlobal
